
Microsoft Visual Studio Solution File, Format Version 12.00
# Visual Studio 15
VisualStudioVersion = 15.0.28307.489
MinimumVisualStudioVersion = 10.0.40219.1
Project("{FAE04EC0-301F-11D3-BF4B-00C04F79EFBC}") = "ColourPicker", "ColourPicker\ColourPicker.csproj", "{BB91D79C-5BDD-46FC-8A32-A238620D9691}"
EndProject
Global
	GlobalSection(SolutionConfigurationPlatforms) = preSolution
		Debug|Any CPU = Debug|Any CPU
		Release|Any CPU = Release|Any CPU
	EndGlobalSection
	GlobalSection(ProjectConfigurationPlatforms) = postSolution
		{BB91D79C-5BDD-46FC-8A32-A238620D9691}.Debug|Any CPU.ActiveCfg = Debug|Any CPU
		{BB91D79C-5BDD-46FC-8A32-A238620D9691}.Debug|Any CPU.Build.0 = Debug|Any CPU
		{BB91D79C-5BDD-46FC-8A32-A238620D9691}.Release|Any CPU.ActiveCfg = Release|Any CPU
		{BB91D79C-5BDD-46FC-8A32-A238620D9691}.Release|Any CPU.Build.0 = Release|Any CPU
	EndGlobalSection
	GlobalSection(SolutionProperties) = preSolution
		HideSolutionNode = FALSE
	EndGlobalSection
	GlobalSection(ExtensibilityGlobals) = postSolution
		SolutionGuid = {4B2F8B44-798E-425E-B7E0-ECE7945E29D5}
	EndGlobalSection
EndGlobal
